// !$*UTF8*$!
{
	archiveVersion = 1;
	classes = {
	};
	objectVersion = 55;
	objects = {

/* Begin PBXBuildFile section */
		AF818F5E293CDA81004E9081 /* AppDelegate.swift in Sources */ = {isa = PBXBuildFile; fileRef = AF818F5D293CDA81004E9081 /* AppDelegate.swift */; };
		AF818F60293CDA81004E9081 /* SceneDelegate.swift in Sources */ = {isa = PBXBuildFile; fileRef = AF818F5F293CDA81004E9081 /* SceneDelegate.swift */; };
		AF818F65293CDA81004E9081 /* Main.storyboard in Resources */ = {isa = PBXBuildFile; fileRef = AF818F63293CDA81004E9081 /* Main.storyboard */; };
		AF818F67293CDA85004E9081 /* Assets.xcassets in Resources */ = {isa = PBXBuildFile; fileRef = AF818F66293CDA85004E9081 /* Assets.xcassets */; };
		AF818F6A293CDA85004E9081 /* LaunchScreen.storyboard in Resources */ = {isa = PBXBuildFile; fileRef = AF818F68293CDA85004E9081 /* LaunchScreen.storyboard */; };
		AF818F79293CE273004E9081 /* Managers.swift in Sources */ = {isa = PBXBuildFile; fileRef = AF818F78293CE273004E9081 /* Managers.swift */; };
		AF818F7E293CED66004E9081 /* ContactSource.swift in Sources */ = {isa = PBXBuildFile; fileRef = AF818F7D293CED66004E9081 /* ContactSource.swift */; };
		AF818F81293CEF09004E9081 /* ContactsTableViewController.swift in Sources */ = {isa = PBXBuildFile; fileRef = AF818F80293CEF09004E9081 /* ContactsTableViewController.swift */; };
		AF818F83293CEF49004E9081 /* InfoTableViewController.swift in Sources */ = {isa = PBXBuildFile; fileRef = AF818F82293CEF49004E9081 /* InfoTableViewController.swift */; };
		AF818F85293CF290004E9081 /* InfoVC.swift in Sources */ = {isa = PBXBuildFile; fileRef = AF818F84293CF290004E9081 /* InfoVC.swift */; };
		AF818FB5293D393C004E9081 /* CustomHeaderView.swift in Sources */ = {isa = PBXBuildFile; fileRef = AF818FB4293D393C004E9081 /* CustomHeaderView.swift */; };
		AF818FB7293D395E004E9081 /* CustomHeaderView.xib in Resources */ = {isa = PBXBuildFile; fileRef = AF818FB6293D395E004E9081 /* CustomHeaderView.xib */; };
/* End PBXBuildFile section */

/* Begin PBXFileReference section */
		AF818F5A293CDA81004E9081 /* ContactsApp.app */ = {isa = PBXFileReference; explicitFileType = wrapper.application; includeInIndex = 0; path = ContactsApp.app; sourceTree = BUILT_PRODUCTS_DIR; };
		AF818F5D293CDA81004E9081 /* AppDelegate.swift */ = {isa = PBXFileReference; lastKnownFileType = sourcecode.swift; path = AppDelegate.swift; sourceTree = "<group>"; };
		AF818F5F293CDA81004E9081 /* SceneDelegate.swift */ = {isa = PBXFileReference; lastKnownFileType = sourcecode.swift; path = SceneDelegate.swift; sourceTree = "<group>"; };
		AF818F64293CDA81004E9081 /* Base */ = {isa = PBXFileReference; lastKnownFileType = file.storyboard; name = Base; path = Base.lproj/Main.storyboard; sourceTree = "<group>"; };
		AF818F66293CDA85004E9081 /* Assets.xcassets */ = {isa = PBXFileReference; lastKnownFileType = folder.assetcatalog; path = Assets.xcassets; sourceTree = "<group>"; };
		AF818F69293CDA85004E9081 /* Base */ = {isa = PBXFileReference; lastKnownFileType = file.storyboard; name = Base; path = Base.lproj/LaunchScreen.storyboard; sourceTree = "<group>"; };
		AF818F6B293CDA85004E9081 /* Info.plist */ = {isa = PBXFileReference; lastKnownFileType = text.plist.xml; path = Info.plist; sourceTree = "<group>"; };
		AF818F78293CE273004E9081 /* Managers.swift */ = {isa = PBXFileReference; lastKnownFileType = sourcecode.swift; path = Managers.swift; sourceTree = "<group>"; };
		AF818F7D293CED66004E9081 /* ContactSource.swift */ = {isa = PBXFileReference; lastKnownFileType = sourcecode.swift; path = ContactSource.swift; sourceTree = "<group>"; };
		AF818F80293CEF09004E9081 /* ContactsTableViewController.swift */ = {isa = PBXFileReference; lastKnownFileType = sourcecode.swift; path = ContactsTableViewController.swift; sourceTree = "<group>"; };
		AF818F82293CEF49004E9081 /* InfoTableViewController.swift */ = {isa = PBXFileReference; lastKnownFileType = sourcecode.swift; path = InfoTableViewController.swift; sourceTree = "<group>"; };
		AF818F84293CF290004E9081 /* InfoVC.swift */ = {isa = PBXFileReference; lastKnownFileType = sourcecode.swift; path = InfoVC.swift; sourceTree = "<group>"; };
		AF818FB4293D393C004E9081 /* CustomHeaderView.swift */ = {isa = PBXFileReference; lastKnownFileType = sourcecode.swift; path = CustomHeaderView.swift; sourceTree = "<group>"; };
		AF818FB6293D395E004E9081 /* CustomHeaderView.xib */ = {isa = PBXFileReference; lastKnownFileType = file.xib; path = CustomHeaderView.xib; sourceTree = "<group>"; };
/* End PBXFileReference section */

/* Begin PBXFrameworksBuildPhase section */
		AF818F57293CDA80004E9081 /* Frameworks */ = {
			isa = PBXFrameworksBuildPhase;
			buildActionMask = 2147483647;
			files = (
			);
			runOnlyForDeploymentPostprocessing = 0;
		};
/* End PBXFrameworksBuildPhase section */

/* Begin PBXGroup section */
		AF818F51293CDA80004E9081 = {
			isa = PBXGroup;
			children = (
				AF818F5C293CDA81004E9081 /* ContactsApp */,
				AF818F5B293CDA81004E9081 /* Products */,
			);
			sourceTree = "<group>";
		};
		AF818F5B293CDA81004E9081 /* Products */ = {
			isa = PBXGroup;
			children = (
				AF818F5A293CDA81004E9081 /* ContactsApp.app */,
			);
			name = Products;
			sourceTree = "<group>";
		};
		AF818F5C293CDA81004E9081 /* ContactsApp */ = {
			isa = PBXGroup;
			children = (
				AF818F7F293CED7E004E9081 /* Models */,
				AF818F72293CDAF1004E9081 /* Delegates */,
				AF818F77293CE207004E9081 /* Controllers */,
				AF818F7A293CE27F004E9081 /* Managers */,
				AF818F71293CDAE5004E9081 /* Views */,
				AF818F66293CDA85004E9081 /* Assets.xcassets */,
				AF818F6B293CDA85004E9081 /* Info.plist */,
			);
			path = ContactsApp;
			sourceTree = "<group>";
		};
		AF818F71293CDAE5004E9081 /* Views */ = {
			isa = PBXGroup;
			children = (
				AF818F63293CDA81004E9081 /* Main.storyboard */,
				AF818F68293CDA85004E9081 /* LaunchScreen.storyboard */,
				AF818FB6293D395E004E9081 /* CustomHeaderView.xib */,
			);
			path = Views;
			sourceTree = "<group>";
		};
		AF818F72293CDAF1004E9081 /* Delegates */ = {
			isa = PBXGroup;
			children = (
				AF818F5D293CDA81004E9081 /* AppDelegate.swift */,
				AF818F5F293CDA81004E9081 /* SceneDelegate.swift */,
			);
			path = Delegates;
			sourceTree = "<group>";
		};
		AF818F77293CE207004E9081 /* Controllers */ = {
			isa = PBXGroup;
			children = (
				AF818F80293CEF09004E9081 /* ContactsTableViewController.swift */,
				AF818F82293CEF49004E9081 /* InfoTableViewController.swift */,
				AF818F84293CF290004E9081 /* InfoVC.swift */,
				AF818FB4293D393C004E9081 /* CustomHeaderView.swift */,
			);
			path = Controllers;
			sourceTree = "<group>";
		};
		AF818F7A293CE27F004E9081 /* Managers */ = {
			isa = PBXGroup;
			children = (
				AF818F78293CE273004E9081 /* Managers.swift */,
			);
			path = Managers;
			sourceTree = "<group>";
		};
		AF818F7F293CED7E004E9081 /* Models */ = {
			isa = PBXGroup;
			children = (
				AF818F7D293CED66004E9081 /* ContactSource.swift */,
			);
			path = Models;
			sourceTree = "<group>";
		};
/* End PBXGroup section */

/* Begin PBXNativeTarget section */
		AF818F59293CDA80004E9081 /* ContactsApp */ = {
			isa = PBXNativeTarget;
			buildConfigurationList = AF818F6E293CDA85004E9081 /* Build configuration list for PBXNativeTarget "ContactsApp" */;
			buildPhases = (
				AF818F56293CDA80004E9081 /* Sources */,
				AF818F57293CDA80004E9081 /* Frameworks */,
				AF818F58293CDA80004E9081 /* Resources */,
			);
			buildRules = (
			);
			dependencies = (
			);
			name = ContactsApp;
			productName = ContactsApp;
			productReference = AF818F5A293CDA81004E9081 /* ContactsApp.app */;
			productType = "com.apple.product-type.application";
		};
/* End PBXNativeTarget section */

/* Begin PBXProject section */
		AF818F52293CDA80004E9081 /* Project object */ = {
			isa = PBXProject;
			attributes = {
				BuildIndependentTargetsInParallel = 1;
				LastSwiftUpdateCheck = 1340;
				LastUpgradeCheck = 1340;
				TargetAttributes = {
					AF818F59293CDA80004E9081 = {
						CreatedOnToolsVersion = 13.4.1;
					};
				};
			};
			buildConfigurationList = AF818F55293CDA80004E9081 /* Build configuration list for PBXProject "ContactsApp" */;
			compatibilityVersion = "Xcode 13.0";
			developmentRegion = en;
			hasScannedForEncodings = 0;
			knownRegions = (
				en,
				Base,
			);
			mainGroup = AF818F51293CDA80004E9081;
			productRefGroup = AF818F5B293CDA81004E9081 /* Products */;
			projectDirPath = "";
			projectRoot = "";
			targets = (
				AF818F59293CDA80004E9081 /* ContactsApp */,
			);
		};
/* End PBXProject section */

/* Begin PBXResourcesBuildPhase section */
		AF818F58293CDA80004E9081 /* Resources */ = {
			isa = PBXResourcesBuildPhase;
			buildActionMask = 2147483647;
			files = (
				AF818FB7293D395E004E9081 /* CustomHeaderView.xib in Resources */,
				AF818F6A293CDA85004E9081 /* LaunchScreen.storyboard in Resources */,
				AF818F67293CDA85004E9081 /* Assets.xcassets in Resources */,
				AF818F65293CDA81004E9081 /* Main.storyboard in Resources */,
			);
			runOnlyForDeploymentPostprocessing = 0;
		};
/* End PBXResourcesBuildPhase section */

/* Begin PBXSourcesBuildPhase section */
		AF818F56293CDA80004E9081 /* Sources */ = {
			isa = PBXSourcesBuildPhase;
			buildActionMask = 2147483647;
			files = (
				AF818FB5293D393C004E9081 /* CustomHeaderView.swift in Sources */,
				AF818F79293CE273004E9081 /* Managers.swift in Sources */,
				AF818F5E293CDA81004E9081 /* AppDelegate.swift in Sources */,
				AF818F81293CEF09004E9081 /* ContactsTableViewController.swift in Sources */,
				AF818F83293CEF49004E9081 /* InfoTableViewController.swift in Sources */,
				AF818F85293CF290004E9081 /* InfoVC.swift in Sources */,
				AF818F60293CDA81004E9081 /* SceneDelegate.swift in Sources */,
				AF818F7E293CED66004E9081 /* ContactSource.swift in Sources */,
			);
			runOnlyForDeploymentPostprocessing = 0;
		};
/* End PBXSourcesBuildPhase section */

/* Begin PBXVariantGroup section */
		AF818F63293CDA81004E9081 /* Main.storyboard */ = {
			isa = PBXVariantGroup;
			children = (
				AF818F64293CDA81004E9081 /* Base */,
			);
			name = Main.storyboard;
			sourceTree = "<group>";
		};
		AF818F68293CDA85004E9081 /* LaunchScreen.storyboard */ = {
			isa = PBXVariantGroup;
			children = (
				AF818F69293CDA85004E9081 /* Base */,
			);
			name = LaunchScreen.storyboard;
			sourceTree = "<group>";
		};
/* End PBXVariantGroup section */

/* Begin XCBuildConfiguration section */
		AF818F6C293CDA85004E9081 /* Debug */ = {
			isa = XCBuildConfiguration;
			buildSettings = {
				ALWAYS_SEARCH_USER_PATHS = NO;
				CLANG_ANALYZER_NONNULL = YES;
				CLANG_ANALYZER_NUMBER_OBJECT_CONVERSION = YES_AGGRESSIVE;
				CLANG_CXX_LANGUAGE_STANDARD = "gnu++17";
				CLANG_ENABLE_MODULES = YES;
				CLANG_ENABLE_OBJC_ARC = YES;
				CLANG_ENABLE_OBJC_WEAK = YES;
				CLANG_WARN_BLOCK_CAPTURE_AUTORELEASING = YES;
				CLANG_WARN_BOOL_CONVERSION = YES;
				CLANG_WARN_COMMA = YES;
				CLANG_WARN_CONSTANT_CONVERSION = YES;
				CLANG_WARN_DEPRECATED_OBJC_IMPLEMENTATIONS = YES;
				CLANG_WARN_DIRECT_OBJC_ISA_USAGE = YES_ERROR;
				CLANG_WARN_DOCUMENTATION_COMMENTS = YES;
				CLANG_WARN_EMPTY_BODY = YES;
				CLANG_WARN_ENUM_CONVERSION = YES;
				CLANG_WARN_INFINITE_RECURSION = YES;
				CLANG_WARN_INT_CONVERSION = YES;
				CLANG_WARN_NON_LITERAL_NULL_CONVERSION = YES;
				CLANG_WARN_OBJC_IMPLICIT_RETAIN_SELF = YES;
				CLANG_WARN_OBJC_LITERAL_CONVERSION = YES;
				CLANG_WARN_OBJC_ROOT_CLASS = YES_ERROR;
				CLANG_WARN_QUOTED_INCLUDE_IN_FRAMEWORK_HEADER = YES;
				CLANG_WARN_RANGE_LOOP_ANALYSIS = YES;
				CLANG_WARN_STRICT_PROTOTYPES = YES;
				CLANG_WARN_SUSPICIOUS_MOVE = YES;
				CLANG_WARN_UNGUARDED_AVAILABILITY = YES_AGGRESSIVE;
				CLANG_WARN_UNREACHABLE_CODE = YES;
				CLANG_WARN__DUPLICATE_METHOD_MATCH = YES;
				COPY_PHASE_STRIP = NO;
				DEBUG_INFORMATION_FORMAT = dwarf;
				ENABLE_STRICT_OBJC_MSGSEND = YES;
				ENABLE_TESTABILITY = YES;
				GCC_C_LANGUAGE_STANDARD = gnu11;
				GCC_DYNAMIC_NO_PIC = NO;
				GCC_NO_COMMON_BLOCKS = YES;
				GCC_OPTIMIZATION_LEVEL = 0;
				GCC_PREPROCESSOR_DEFINITIONS = (
					"DEBUG=1",
					"$(inherited)",
				);
				GCC_WARN_64_TO_32_BIT_CONVERSION = YES;
				GCC_WARN_ABOUT_RETURN_TYPE = YES_ERROR;
				GCC_WARN_UNDECLARED_SELECTOR = YES;
				GCC_WARN_UNINITIALIZED_AUTOS = YES_AGGRESSIVE;
				GCC_WARN_UNUSED_FUNCTION = YES;
				GCC_WARN_UNUSED_VARIABLE = YES;
				IPHONEOS_DEPLOYMENT_TARGET = 15.5;
				MTL_ENABLE_DEBUG_INFO = INCLUDE_SOURCE;
				MTL_FAST_MATH = YES;
				ONLY_ACTIVE_ARCH = YES;
				SDKROOT = iphoneos;
				SWIFT_ACTIVE_COMPILATION_CONDITIONS = DEBUG;
				SWIFT_OPTIMIZATION_LEVEL = "-Onone";
			};
			name = Debug;
		};
		AF818F6D293CDA85004E9081 /* Release */ = {
			isa = XCBuildConfiguration;
			buildSettings = {
				ALWAYS_SEARCH_USER_PATHS = NO;
				CLANG_ANALYZER_NONNULL = YES;
				CLANG_ANALYZER_NUMBER_OBJECT_CONVERSION = YES_AGGRESSIVE;
				CLANG_CXX_LANGUAGE_STANDARD = "gnu++17";
				CLANG_ENABLE_MODULES = YES;
				CLANG_ENABLE_OBJC_ARC = YES;
				CLANG_ENABLE_OBJC_WEAK = YES;
				CLANG_WARN_BLOCK_CAPTURE_AUTORELEASING = YES;
				CLANG_WARN_BOOL_CONVERSION = YES;
				CLANG_WARN_COMMA = YES;
				CLANG_WARN_CONSTANT_CONVERSION = YES;
				CLANG_WARN_DEPRECATED_OBJC_IMPLEMENTATIONS = YES;
				CLANG_WARN_DIRECT_OBJC_ISA_USAGE = YES_ERROR;
				CLANG_WARN_DOCUMENTATION_COMMENTS = YES;
				CLANG_WARN_EMPTY_BODY = YES;
				CLANG_WARN_ENUM_CONVERSION = YES;
				CLANG_WARN_INFINITE_RECURSION = YES;
				CLANG_WARN_INT_CONVERSION = YES;
				CLANG_WARN_NON_LITERAL_NULL_CONVERSION = YES;
				CLANG_WARN_OBJC_IMPLICIT_RETAIN_SELF = YES;
				CLANG_WARN_OBJC_LITERAL_CONVERSION = YES;
				CLANG_WARN_OBJC_ROOT_CLASS = YES_ERROR;
				CLANG_WARN_QUOTED_INCLUDE_IN_FRAMEWORK_HEADER = YES;
				CLANG_WARN_RANGE_LOOP_ANALYSIS = YES;
				CLANG_WARN_STRICT_PROTOTYPES = YES;
				CLANG_WARN_SUSPICIOUS_MOVE = YES;
				CLANG_WARN_UNGUARDED_AVAILABILITY = YES_AGGRESSIVE;
				CLANG_WARN_UNREACHABLE_CODE = YES;
				CLANG_WARN__DUPLICATE_METHOD_MATCH = YES;
				COPY_PHASE_STRIP = NO;
				DEBUG_INFORMATION_FORMAT = "dwarf-with-dsym";
				ENABLE_NS_ASSERTIONS = NO;
				ENABLE_STRICT_OBJC_MSGSEND = YES;
				GCC_C_LANGUAGE_STANDARD = gnu11;
				GCC_NO_COMMON_BLOCKS = YES;
				GCC_WARN_64_TO_32_BIT_CONVERSION = YES;
				GCC_WARN_ABOUT_RETURN_TYPE = YES_ERROR;
				GCC_WARN_UNDECLARED_SELECTOR = YES;
				GCC_WARN_UNINITIALIZED_AUTOS = YES_AGGRESSIVE;
				GCC_WARN_UNUSED_FUNCTION = YES;
				GCC_WARN_UNUSED_VARIABLE = YES;
				IPHONEOS_DEPLOYMENT_TARGET = 15.5;
				MTL_ENABLE_DEBUG_INFO = NO;
				MTL_FAST_MATH = YES;
				SDKROOT = iphoneos;
				SWIFT_COMPILATION_MODE = wholemodule;
				SWIFT_OPTIMIZATION_LEVEL = "-O";
				VALIDATE_PRODUCT = YES;
			};
			name = Release;
		};
		AF818F6F293CDA85004E9081 /* Debug */ = {
			isa = XCBuildConfiguration;
			buildSettings = {
				ASSETCATALOG_COMPILER_APPICON_NAME = AppIcon;
				ASSETCATALOG_COMPILER_GLOBAL_ACCENT_COLOR_NAME = AccentColor;
				CODE_SIGN_STYLE = Automatic;
				CURRENT_PROJECT_VERSION = 1;
				DEVELOPMENT_TEAM = JQSUXNGVC5;
				GENERATE_INFOPLIST_FILE = YES;
				INFOPLIST_FILE = ContactsApp/Info.plist;
				INFOPLIST_KEY_UIApplicationSupportsIndirectInputEvents = YES;
				INFOPLIST_KEY_UILaunchStoryboardName = LaunchScreen;
				INFOPLIST_KEY_UIMainStoryboardFile = Main;
				INFOPLIST_KEY_UISupportedInterfaceOrientations_iPad = "UIInterfaceOrientationPortrait UIInterfaceOrientationPortraitUpsideDown UIInterfaceOrientationLandscapeLeft UIInterfaceOrientationLandscapeRight";
				INFOPLIST_KEY_UISupportedInterfaceOrientations_iPhone = "UIInterfaceOrientationPortrait UIInterfaceOrientationLandscapeLeft UIInterfaceOrientationLandscapeRight";
				LD_RUNPATH_SEARCH_PATHS = (
					"$(inherited)",
					"@executable_path/Frameworks",
				);
				MARKETING_VERSION = 1.0;
				PRODUCT_BUNDLE_IDENTIFIER = EugeneZabrodski.ContactsApp;
				PRODUCT_NAME = "$(TARGET_NAME)";
				SWIFT_EMIT_LOC_STRINGS = YES;
				SWIFT_VERSION = 5.0;
				TARGETED_DEVICE_FAMILY = "1,2";
			};
			name = Debug;
		};
		AF818F70293CDA85004E9081 /* Release */ = {
			isa = XCBuildConfiguration;
			buildSettings = {
				ASSETCATALOG_COMPILER_APPICON_NAME = AppIcon;
				ASSETCATALOG_COMPILER_GLOBAL_ACCENT_COLOR_NAME = AccentColor;
				CODE_SIGN_STYLE = Automatic;
				CURRENT_PROJECT_VERSION = 1;
				DEVELOPMENT_TEAM = JQSUXNGVC5;
				GENERATE_INFOPLIST_FILE = YES;
				INFOPLIST_FILE = ContactsApp/Info.plist;
				INFOPLIST_KEY_UIApplicationSupportsIndirectInputEvents = YES;
				INFOPLIST_KEY_UILaunchStoryboardName = LaunchScreen;
				INFOPLIST_KEY_UIMainStoryboardFile = Main;
				INFOPLIST_KEY_UISupportedInterfaceOrientations_iPad = "UIInterfaceOrientationPortrait UIInterfaceOrientationPortraitUpsideDown UIInterfaceOrientationLandscapeLeft UIInterfaceOrientationLandscapeRight";
				INFOPLIST_KEY_UISupportedInterfaceOrientations_iPhone = "UIInterfaceOrientationPortrait UIInterfaceOrientationLandscapeLeft UIInterfaceOrientationLandscapeRight";
				LD_RUNPATH_SEARCH_PATHS = (
					"$(inherited)",
					"@executable_path/Frameworks",
				);
				MARKETING_VERSION = 1.0;
				PRODUCT_BUNDLE_IDENTIFIER = EugeneZabrodski.ContactsApp;
				PRODUCT_NAME = "$(TARGET_NAME)";
				SWIFT_EMIT_LOC_STRINGS = YES;
				SWIFT_VERSION = 5.0;
				TARGETED_DEVICE_FAMILY = "1,2";
			};
			name = Release;
		};
/* End XCBuildConfiguration section */

/* Begin XCConfigurationList section */
		AF818F55293CDA80004E9081 /* Build configuration list for PBXProject "ContactsApp" */ = {
			isa = XCConfigurationList;
			buildConfigurations = (
				AF818F6C293CDA85004E9081 /* Debug */,
				AF818F6D293CDA85004E9081 /* Release */,
			);
			defaultConfigurationIsVisible = 0;
			defaultConfigurationName = Release;
		};
		AF818F6E293CDA85004E9081 /* Build configuration list for PBXNativeTarget "ContactsApp" */ = {
			isa = XCConfigurationList;
			buildConfigurations = (
				AF818F6F293CDA85004E9081 /* Debug */,
				AF818F70293CDA85004E9081 /* Release */,
			);
			defaultConfigurationIsVisible = 0;
			defaultConfigurationName = Release;
		};
/* End XCConfigurationList section */
	};
	rootObject = AF818F52293CDA80004E9081 /* Project object */;
}
